
Microsoft Visual Studio Solution File, Format Version 12.00
# Visual Studio Version 16
VisualStudioVersion = 16.0.29424.173
MinimumVisualStudioVersion = 10.0.40219.1
Project("{9A19103F-16F7-4668-BE54-9A1E7A4F7556}") = "Stranded", "Stranded\Stranded.csproj", "{A684AD59-C7E0-4560-A118-4FCEC9C31D68}"
EndProject
Project("{9A19103F-16F7-4668-BE54-9A1E7A4F7556}") = "StrandedTest", "StrandedTest\StrandedTest.csproj", "{B7610D0B-D37A-4FDA-B426-44BE36BDF977}"
EndProject
Project("{FAE04EC0-301F-11D3-BF4B-00C04F79EFBC}") = "Library", "Library\Library.csproj", "{449C9014-53A4-4F5C-8FE5-AB3D6D89356D}"
EndProject
Global
	GlobalSection(SolutionConfigurationPlatforms) = preSolution
		Debug|Any CPU = Debug|Any CPU
		Release|Any CPU = Release|Any CPU
	EndGlobalSection
	GlobalSection(ProjectConfigurationPlatforms) = postSolution
		{A684AD59-C7E0-4560-A118-4FCEC9C31D68}.Debug|Any CPU.ActiveCfg = Debug|Any CPU
		{A684AD59-C7E0-4560-A118-4FCEC9C31D68}.Debug|Any CPU.Build.0 = Debug|Any CPU
		{A684AD59-C7E0-4560-A118-4FCEC9C31D68}.Release|Any CPU.ActiveCfg = Release|Any CPU
		{A684AD59-C7E0-4560-A118-4FCEC9C31D68}.Release|Any CPU.Build.0 = Release|Any CPU
		{B7610D0B-D37A-4FDA-B426-44BE36BDF977}.Debug|Any CPU.ActiveCfg = Debug|Any CPU
		{B7610D0B-D37A-4FDA-B426-44BE36BDF977}.Debug|Any CPU.Build.0 = Debug|Any CPU
		{B7610D0B-D37A-4FDA-B426-44BE36BDF977}.Release|Any CPU.ActiveCfg = Release|Any CPU
		{B7610D0B-D37A-4FDA-B426-44BE36BDF977}.Release|Any CPU.Build.0 = Release|Any CPU
		{449C9014-53A4-4F5C-8FE5-AB3D6D89356D}.Debug|Any CPU.ActiveCfg = Debug|Any CPU
		{449C9014-53A4-4F5C-8FE5-AB3D6D89356D}.Debug|Any CPU.Build.0 = Debug|Any CPU
		{449C9014-53A4-4F5C-8FE5-AB3D6D89356D}.Release|Any CPU.ActiveCfg = Release|Any CPU
		{449C9014-53A4-4F5C-8FE5-AB3D6D89356D}.Release|Any CPU.Build.0 = Release|Any CPU
	EndGlobalSection
	GlobalSection(SolutionProperties) = preSolution
		HideSolutionNode = FALSE
	EndGlobalSection
	GlobalSection(ExtensibilityGlobals) = postSolution
		SolutionGuid = {895D1AEB-395F-41CF-9F31-EB1C6A97A288}
	EndGlobalSection
EndGlobal
